
Microsoft Visual Studio Solution File, Format Version 12.00
# Visual Studio 15
Project("{FAE04EC0-301F-11D3-BF4B-00C04F79EFBC}") = "工厂模式", "工厂模式\工厂模式.csproj", "{74C2D988-5BE4-4C33-8B05-54426CD32EDA}"
EndProject
Project("{FAE04EC0-301F-11D3-BF4B-00C04F79EFBC}") = "策略模式", "策略模式\策略模式.csproj", "{02049957-48AD-4785-A2A0-A8A885571847}"
EndProject
Project("{FAE04EC0-301F-11D3-BF4B-00C04F79EFBC}") = "装饰模式", "装饰模式\装饰模式.csproj", "{7C752EC4-05BA-47D6-8090-FA45F2DF7B7B}"
EndProject
Project("{FAE04EC0-301F-11D3-BF4B-00C04F79EFBC}") = "代理模式", "代理模式\代理模式.csproj", "{0475AAC8-CEF8-4F83-A54F-8A4A05E8E195}"
EndProject
Project("{FAE04EC0-301F-11D3-BF4B-00C04F79EFBC}") = "工厂方法模式", "工厂方法模式\工厂方法模式.csproj", "{D14C5C88-35A7-4BA0-A531-3D5D5C18D1CC}"
EndProject
Project("{FAE04EC0-301F-11D3-BF4B-00C04F79EFBC}") = "原型模式", "原型模式\原型模式.csproj", "{BB2216B0-3E0A-4C0F-8AB0-1349D5C31BEB}"
EndProject
Project("{FAE04EC0-301F-11D3-BF4B-00C04F79EFBC}") = "模版方法模式", "模版方法模式\模版方法模式.csproj", "{D597A900-3296-481A-9BC5-B3B8E9F8EFC2}"
EndProject
Project("{FAE04EC0-301F-11D3-BF4B-00C04F79EFBC}") = "外观模式", "外观模式\外观模式.csproj", "{901996EB-E0E4-46B1-BB63-E47EBFBBE558}"
EndProject
Project("{FAE04EC0-301F-11D3-BF4B-00C04F79EFBC}") = "建造者模式", "建造者模式\建造者模式.csproj", "{1ED29B4E-BD05-40B3-A428-4EF83ECBAFB0}"
EndProject
Project("{FAE04EC0-301F-11D3-BF4B-00C04F79EFBC}") = "观察者模式", "观察者模式\观察者模式.csproj", "{4A869CFE-B961-42FC-B45F-98199410E90A}"
EndProject
Project("{FAE04EC0-301F-11D3-BF4B-00C04F79EFBC}") = "抽象工厂模式", "抽象工厂模式\抽象工厂模式.csproj", "{0B645215-29BE-4B70-8E3C-ED407F3D3C17}"
EndProject
Project("{FAE04EC0-301F-11D3-BF4B-00C04F79EFBC}") = "状态模式", "状态模式\状态模式.csproj", "{218C6A76-61A3-40E7-BC38-4B903D632B40}"
EndProject
Project("{FAE04EC0-301F-11D3-BF4B-00C04F79EFBC}") = "适配器模式", "适配器模式\适配器模式.csproj", "{1618AA7D-98F5-44C1-B041-C17AB6C6EED1}"
EndProject
Project("{FAE04EC0-301F-11D3-BF4B-00C04F79EFBC}") = "组合模式", "组合模式\组合模式.csproj", "{3FEB0A67-B6C7-415D-995A-2CDC88D0A785}"
EndProject
Project("{FAE04EC0-301F-11D3-BF4B-00C04F79EFBC}") = "迭代器模式", "迭代器模式\迭代器模式.csproj", "{2489B0E0-91D3-44D2-994B-A1D21C94AE8E}"
EndProject
Project("{FAE04EC0-301F-11D3-BF4B-00C04F79EFBC}") = "桥接模式", "桥接模式\桥接模式.csproj", "{08AE032A-1B95-4629-B151-438EEBF0678F}"
EndProject
Project("{FAE04EC0-301F-11D3-BF4B-00C04F79EFBC}") = "命令模式", "命令模式\命令模式.csproj", "{D6E567CF-4B93-448C-B44B-6FCB375FEDE9}"
EndProject
Project("{FAE04EC0-301F-11D3-BF4B-00C04F79EFBC}") = "职责链模式", "职责链模式\职责链模式.csproj", "{6452F4ED-0CA1-42C1-B793-141B05CFF0BD}"
EndProject
Project("{FAE04EC0-301F-11D3-BF4B-00C04F79EFBC}") = "中介者模式", "中介者模式\中介者模式.csproj", "{B3D61C88-BC2A-4FC9-A2DF-94A608794393}"
EndProject
Project("{FAE04EC0-301F-11D3-BF4B-00C04F79EFBC}") = "亨元模式", "亨元模式\亨元模式.csproj", "{8F2524CF-5765-4AEA-ABD3-9EE68365E074}"
EndProject
Project("{FAE04EC0-301F-11D3-BF4B-00C04F79EFBC}") = "访问者模式", "访问者模式\访问者模式.csproj", "{9058AB17-6C7D-42F9-8A70-8FBE2D652A63}"
EndProject
Global
	GlobalSection(SolutionConfigurationPlatforms) = preSolution
		Debug|Any CPU = Debug|Any CPU
		Release|Any CPU = Release|Any CPU
	EndGlobalSection
	GlobalSection(ProjectConfigurationPlatforms) = postSolution
		{74C2D988-5BE4-4C33-8B05-54426CD32EDA}.Debug|Any CPU.ActiveCfg = Debug|Any CPU
		{74C2D988-5BE4-4C33-8B05-54426CD32EDA}.Debug|Any CPU.Build.0 = Debug|Any CPU
		{74C2D988-5BE4-4C33-8B05-54426CD32EDA}.Release|Any CPU.ActiveCfg = Release|Any CPU
		{74C2D988-5BE4-4C33-8B05-54426CD32EDA}.Release|Any CPU.Build.0 = Release|Any CPU
		{02049957-48AD-4785-A2A0-A8A885571847}.Debug|Any CPU.ActiveCfg = Debug|Any CPU
		{02049957-48AD-4785-A2A0-A8A885571847}.Debug|Any CPU.Build.0 = Debug|Any CPU
		{02049957-48AD-4785-A2A0-A8A885571847}.Release|Any CPU.ActiveCfg = Release|Any CPU
		{02049957-48AD-4785-A2A0-A8A885571847}.Release|Any CPU.Build.0 = Release|Any CPU
		{7C752EC4-05BA-47D6-8090-FA45F2DF7B7B}.Debug|Any CPU.ActiveCfg = Debug|Any CPU
		{7C752EC4-05BA-47D6-8090-FA45F2DF7B7B}.Debug|Any CPU.Build.0 = Debug|Any CPU
		{7C752EC4-05BA-47D6-8090-FA45F2DF7B7B}.Release|Any CPU.ActiveCfg = Release|Any CPU
		{7C752EC4-05BA-47D6-8090-FA45F2DF7B7B}.Release|Any CPU.Build.0 = Release|Any CPU
		{0475AAC8-CEF8-4F83-A54F-8A4A05E8E195}.Debug|Any CPU.ActiveCfg = Debug|Any CPU
		{0475AAC8-CEF8-4F83-A54F-8A4A05E8E195}.Debug|Any CPU.Build.0 = Debug|Any CPU
		{0475AAC8-CEF8-4F83-A54F-8A4A05E8E195}.Release|Any CPU.ActiveCfg = Release|Any CPU
		{0475AAC8-CEF8-4F83-A54F-8A4A05E8E195}.Release|Any CPU.Build.0 = Release|Any CPU
		{D14C5C88-35A7-4BA0-A531-3D5D5C18D1CC}.Debug|Any CPU.ActiveCfg = Debug|Any CPU
		{D14C5C88-35A7-4BA0-A531-3D5D5C18D1CC}.Debug|Any CPU.Build.0 = Debug|Any CPU
		{D14C5C88-35A7-4BA0-A531-3D5D5C18D1CC}.Release|Any CPU.ActiveCfg = Release|Any CPU
		{D14C5C88-35A7-4BA0-A531-3D5D5C18D1CC}.Release|Any CPU.Build.0 = Release|Any CPU
		{BB2216B0-3E0A-4C0F-8AB0-1349D5C31BEB}.Debug|Any CPU.ActiveCfg = Debug|Any CPU
		{BB2216B0-3E0A-4C0F-8AB0-1349D5C31BEB}.Debug|Any CPU.Build.0 = Debug|Any CPU
		{BB2216B0-3E0A-4C0F-8AB0-1349D5C31BEB}.Release|Any CPU.ActiveCfg = Release|Any CPU
		{BB2216B0-3E0A-4C0F-8AB0-1349D5C31BEB}.Release|Any CPU.Build.0 = Release|Any CPU
		{D597A900-3296-481A-9BC5-B3B8E9F8EFC2}.Debug|Any CPU.ActiveCfg = Debug|Any CPU
		{D597A900-3296-481A-9BC5-B3B8E9F8EFC2}.Debug|Any CPU.Build.0 = Debug|Any CPU
		{D597A900-3296-481A-9BC5-B3B8E9F8EFC2}.Release|Any CPU.ActiveCfg = Release|Any CPU
		{D597A900-3296-481A-9BC5-B3B8E9F8EFC2}.Release|Any CPU.Build.0 = Release|Any CPU
		{901996EB-E0E4-46B1-BB63-E47EBFBBE558}.Debug|Any CPU.ActiveCfg = Debug|Any CPU
		{901996EB-E0E4-46B1-BB63-E47EBFBBE558}.Debug|Any CPU.Build.0 = Debug|Any CPU
		{901996EB-E0E4-46B1-BB63-E47EBFBBE558}.Release|Any CPU.ActiveCfg = Release|Any CPU
		{901996EB-E0E4-46B1-BB63-E47EBFBBE558}.Release|Any CPU.Build.0 = Release|Any CPU
		{1ED29B4E-BD05-40B3-A428-4EF83ECBAFB0}.Debug|Any CPU.ActiveCfg = Debug|Any CPU
		{1ED29B4E-BD05-40B3-A428-4EF83ECBAFB0}.Debug|Any CPU.Build.0 = Debug|Any CPU
		{1ED29B4E-BD05-40B3-A428-4EF83ECBAFB0}.Release|Any CPU.ActiveCfg = Release|Any CPU
		{1ED29B4E-BD05-40B3-A428-4EF83ECBAFB0}.Release|Any CPU.Build.0 = Release|Any CPU
		{4A869CFE-B961-42FC-B45F-98199410E90A}.Debug|Any CPU.ActiveCfg = Debug|Any CPU
		{4A869CFE-B961-42FC-B45F-98199410E90A}.Debug|Any CPU.Build.0 = Debug|Any CPU
		{4A869CFE-B961-42FC-B45F-98199410E90A}.Release|Any CPU.ActiveCfg = Release|Any CPU
		{4A869CFE-B961-42FC-B45F-98199410E90A}.Release|Any CPU.Build.0 = Release|Any CPU
		{0B645215-29BE-4B70-8E3C-ED407F3D3C17}.Debug|Any CPU.ActiveCfg = Debug|Any CPU
		{0B645215-29BE-4B70-8E3C-ED407F3D3C17}.Debug|Any CPU.Build.0 = Debug|Any CPU
		{0B645215-29BE-4B70-8E3C-ED407F3D3C17}.Release|Any CPU.ActiveCfg = Release|Any CPU
		{0B645215-29BE-4B70-8E3C-ED407F3D3C17}.Release|Any CPU.Build.0 = Release|Any CPU
		{218C6A76-61A3-40E7-BC38-4B903D632B40}.Debug|Any CPU.ActiveCfg = Debug|Any CPU
		{218C6A76-61A3-40E7-BC38-4B903D632B40}.Debug|Any CPU.Build.0 = Debug|Any CPU
		{218C6A76-61A3-40E7-BC38-4B903D632B40}.Release|Any CPU.ActiveCfg = Release|Any CPU
		{218C6A76-61A3-40E7-BC38-4B903D632B40}.Release|Any CPU.Build.0 = Release|Any CPU
		{1618AA7D-98F5-44C1-B041-C17AB6C6EED1}.Debug|Any CPU.ActiveCfg = Debug|Any CPU
		{1618AA7D-98F5-44C1-B041-C17AB6C6EED1}.Debug|Any CPU.Build.0 = Debug|Any CPU
		{1618AA7D-98F5-44C1-B041-C17AB6C6EED1}.Release|Any CPU.ActiveCfg = Release|Any CPU
		{1618AA7D-98F5-44C1-B041-C17AB6C6EED1}.Release|Any CPU.Build.0 = Release|Any CPU
		{3FEB0A67-B6C7-415D-995A-2CDC88D0A785}.Debug|Any CPU.ActiveCfg = Debug|Any CPU
		{3FEB0A67-B6C7-415D-995A-2CDC88D0A785}.Debug|Any CPU.Build.0 = Debug|Any CPU
		{3FEB0A67-B6C7-415D-995A-2CDC88D0A785}.Release|Any CPU.ActiveCfg = Release|Any CPU
		{3FEB0A67-B6C7-415D-995A-2CDC88D0A785}.Release|Any CPU.Build.0 = Release|Any CPU
		{2489B0E0-91D3-44D2-994B-A1D21C94AE8E}.Debug|Any CPU.ActiveCfg = Debug|Any CPU
		{2489B0E0-91D3-44D2-994B-A1D21C94AE8E}.Debug|Any CPU.Build.0 = Debug|Any CPU
		{2489B0E0-91D3-44D2-994B-A1D21C94AE8E}.Release|Any CPU.ActiveCfg = Release|Any CPU
		{2489B0E0-91D3-44D2-994B-A1D21C94AE8E}.Release|Any CPU.Build.0 = Release|Any CPU
		{08AE032A-1B95-4629-B151-438EEBF0678F}.Debug|Any CPU.ActiveCfg = Debug|Any CPU
		{08AE032A-1B95-4629-B151-438EEBF0678F}.Debug|Any CPU.Build.0 = Debug|Any CPU
		{08AE032A-1B95-4629-B151-438EEBF0678F}.Release|Any CPU.ActiveCfg = Release|Any CPU
		{08AE032A-1B95-4629-B151-438EEBF0678F}.Release|Any CPU.Build.0 = Release|Any CPU
		{D6E567CF-4B93-448C-B44B-6FCB375FEDE9}.Debug|Any CPU.ActiveCfg = Debug|Any CPU
		{D6E567CF-4B93-448C-B44B-6FCB375FEDE9}.Debug|Any CPU.Build.0 = Debug|Any CPU
		{D6E567CF-4B93-448C-B44B-6FCB375FEDE9}.Release|Any CPU.ActiveCfg = Release|Any CPU
		{D6E567CF-4B93-448C-B44B-6FCB375FEDE9}.Release|Any CPU.Build.0 = Release|Any CPU
		{6452F4ED-0CA1-42C1-B793-141B05CFF0BD}.Debug|Any CPU.ActiveCfg = Debug|Any CPU
		{6452F4ED-0CA1-42C1-B793-141B05CFF0BD}.Debug|Any CPU.Build.0 = Debug|Any CPU
		{6452F4ED-0CA1-42C1-B793-141B05CFF0BD}.Release|Any CPU.ActiveCfg = Release|Any CPU
		{6452F4ED-0CA1-42C1-B793-141B05CFF0BD}.Release|Any CPU.Build.0 = Release|Any CPU
		{B3D61C88-BC2A-4FC9-A2DF-94A608794393}.Debug|Any CPU.ActiveCfg = Debug|Any CPU
		{B3D61C88-BC2A-4FC9-A2DF-94A608794393}.Debug|Any CPU.Build.0 = Debug|Any CPU
		{B3D61C88-BC2A-4FC9-A2DF-94A608794393}.Release|Any CPU.ActiveCfg = Release|Any CPU
		{B3D61C88-BC2A-4FC9-A2DF-94A608794393}.Release|Any CPU.Build.0 = Release|Any CPU
		{8F2524CF-5765-4AEA-ABD3-9EE68365E074}.Debug|Any CPU.ActiveCfg = Debug|Any CPU
		{8F2524CF-5765-4AEA-ABD3-9EE68365E074}.Debug|Any CPU.Build.0 = Debug|Any CPU
		{8F2524CF-5765-4AEA-ABD3-9EE68365E074}.Release|Any CPU.ActiveCfg = Release|Any CPU
		{8F2524CF-5765-4AEA-ABD3-9EE68365E074}.Release|Any CPU.Build.0 = Release|Any CPU
		{9058AB17-6C7D-42F9-8A70-8FBE2D652A63}.Debug|Any CPU.ActiveCfg = Debug|Any CPU
		{9058AB17-6C7D-42F9-8A70-8FBE2D652A63}.Debug|Any CPU.Build.0 = Debug|Any CPU
		{9058AB17-6C7D-42F9-8A70-8FBE2D652A63}.Release|Any CPU.ActiveCfg = Release|Any CPU
		{9058AB17-6C7D-42F9-8A70-8FBE2D652A63}.Release|Any CPU.Build.0 = Release|Any CPU
	EndGlobalSection
EndGlobal
